
Microsoft Visual Studio Solution File, Format Version 12.00
# Visual Studio Version 17
VisualStudioVersion = 17.4.33103.184
MinimumVisualStudioVersion = 10.0.40219.1
Project("{FAE04EC0-301F-11D3-BF4B-00C04F79EFBC}") = "BMIssueNET6", "BMIssueNET6\BMIssueNET6.csproj", "{8C0D6BA2-8EFF-48AB-B7BC-8AD76E46FB93}"
EndProject
Global
	GlobalSection(SolutionConfigurationPlatforms) = preSolution
		Debug|Any CPU = Debug|Any CPU
		Release|Any CPU = Release|Any CPU
	EndGlobalSection
	GlobalSection(ProjectConfigurationPlatforms) = postSolution
		{8C0D6BA2-8EFF-48AB-B7BC-8AD76E46FB93}.Debug|Any CPU.ActiveCfg = Debug|Any CPU
		{8C0D6BA2-8EFF-48AB-B7BC-8AD76E46FB93}.Debug|Any CPU.Build.0 = Debug|Any CPU
		{8C0D6BA2-8EFF-48AB-B7BC-8AD76E46FB93}.Release|Any CPU.ActiveCfg = Release|Any CPU
		{8C0D6BA2-8EFF-48AB-B7BC-8AD76E46FB93}.Release|Any CPU.Build.0 = Release|Any CPU
	EndGlobalSection
	GlobalSection(SolutionProperties) = preSolution
		HideSolutionNode = FALSE
	EndGlobalSection
	GlobalSection(ExtensibilityGlobals) = postSolution
		SolutionGuid = {8B4488EA-13D3-4274-A7DA-AC05D4CB8786}
	EndGlobalSection
EndGlobal
